
Microsoft Visual Studio Solution File, Format Version 12.00
# Visual Studio Version 17
VisualStudioVersion = 17.9.34607.119
MinimumVisualStudioVersion = 10.0.40219.1
Project("{FAE04EC0-301F-11D3-BF4B-00C04F79EFBC}") = "NoasArkInheritance", "NoasArkInheritance.csproj", "{96E856FB-5496-41E7-AF9F-B3306689FE87}"
EndProject
Global
	GlobalSection(SolutionConfigurationPlatforms) = preSolution
		Debug|Any CPU = Debug|Any CPU
		Release|Any CPU = Release|Any CPU
	EndGlobalSection
	GlobalSection(ProjectConfigurationPlatforms) = postSolution
		{96E856FB-5496-41E7-AF9F-B3306689FE87}.Debug|Any CPU.ActiveCfg = Debug|Any CPU
		{96E856FB-5496-41E7-AF9F-B3306689FE87}.Debug|Any CPU.Build.0 = Debug|Any CPU
		{96E856FB-5496-41E7-AF9F-B3306689FE87}.Release|Any CPU.ActiveCfg = Release|Any CPU
		{96E856FB-5496-41E7-AF9F-B3306689FE87}.Release|Any CPU.Build.0 = Release|Any CPU
	EndGlobalSection
	GlobalSection(SolutionProperties) = preSolution
		HideSolutionNode = FALSE
	EndGlobalSection
	GlobalSection(ExtensibilityGlobals) = postSolution
		SolutionGuid = {3CF3620F-7FD4-405C-A083-094AF5A5CFA4}
	EndGlobalSection
EndGlobal
